// !$*UTF8*$!
{
	archiveVersion = 1;
	classes = {
	};
	objectVersion = 77;
	objects = {

/* Begin PBXContainerItemProxy section */
		1888AFDF2CA0469C00801AF3 /* PBXContainerItemProxy */ = {
			isa = PBXContainerItemProxy;
			containerPortal = 1888AFC62CA0469A00801AF3 /* Project object */;
			proxyType = 1;
			remoteGlobalIDString = 1888AFCD2CA0469A00801AF3;
			remoteInfo = "Swift-Beginners";
		};
		1888AFE92CA0469C00801AF3 /* PBXContainerItemProxy */ = {
			isa = PBXContainerItemProxy;
			containerPortal = 1888AFC62CA0469A00801AF3 /* Project object */;
			proxyType = 1;
			remoteGlobalIDString = 1888AFCD2CA0469A00801AF3;
			remoteInfo = "Swift-Beginners";
		};
/* End PBXContainerItemProxy section */

/* Begin PBXFileReference section */
		1888AFCE2CA0469A00801AF3 /* Swift-Beginners.app */ = {isa = PBXFileReference; explicitFileType = wrapper.application; includeInIndex = 0; path = "Swift-Beginners.app"; sourceTree = BUILT_PRODUCTS_DIR; };
		1888AFDE2CA0469C00801AF3 /* Swift-BeginnersTests.xctest */ = {isa = PBXFileReference; explicitFileType = wrapper.cfbundle; includeInIndex = 0; path = "Swift-BeginnersTests.xctest"; sourceTree = BUILT_PRODUCTS_DIR; };
		1888AFE82CA0469C00801AF3 /* Swift-BeginnersUITests.xctest */ = {isa = PBXFileReference; explicitFileType = wrapper.cfbundle; includeInIndex = 0; path = "Swift-BeginnersUITests.xctest"; sourceTree = BUILT_PRODUCTS_DIR; };
/* End PBXFileReference section */

/* Begin PBXFileSystemSynchronizedRootGroup section */
		1888AFD02CA0469A00801AF3 /* Swift-Beginners */ = {
			isa = PBXFileSystemSynchronizedRootGroup;
			path = "Swift-Beginners";
			sourceTree = "<group>";
		};
		1888AFE12CA0469C00801AF3 /* Swift-BeginnersTests */ = {
			isa = PBXFileSystemSynchronizedRootGroup;
			path = "Swift-BeginnersTests";
			sourceTree = "<group>";
		};
		1888AFEB2CA0469C00801AF3 /* Swift-BeginnersUITests */ = {
			isa = PBXFileSystemSynchronizedRootGroup;
			path = "Swift-BeginnersUITests";
			sourceTree = "<group>";
		};
/* End PBXFileSystemSynchronizedRootGroup section */

/* Begin PBXFrameworksBuildPhase section */
		1888AFCB2CA0469A00801AF3 /* Frameworks */ = {
			isa = PBXFrameworksBuildPhase;
			buildActionMask = 2147483647;
			files = (
			);
			runOnlyForDeploymentPostprocessing = 0;
		};
		1888AFDB2CA0469C00801AF3 /* Frameworks */ = {
			isa = PBXFrameworksBuildPhase;
			buildActionMask = 2147483647;
			files = (
			);
			runOnlyForDeploymentPostprocessing = 0;
		};
		1888AFE52CA0469C00801AF3 /* Frameworks */ = {
			isa = PBXFrameworksBuildPhase;
			buildActionMask = 2147483647;
			files = (
			);
			runOnlyForDeploymentPostprocessing = 0;
		};
/* End PBXFrameworksBuildPhase section */

/* Begin PBXGroup section */
		1888AFC52CA0469A00801AF3 = {
			isa = PBXGroup;
			children = (
				1888AFD02CA0469A00801AF3 /* Swift-Beginners */,
				1888AFE12CA0469C00801AF3 /* Swift-BeginnersTests */,
				1888AFEB2CA0469C00801AF3 /* Swift-BeginnersUITests */,
				1888AFCF2CA0469A00801AF3 /* Products */,
			);
			sourceTree = "<group>";
		};
		1888AFCF2CA0469A00801AF3 /* Products */ = {
			isa = PBXGroup;
			children = (
				1888AFCE2CA0469A00801AF3 /* Swift-Beginners.app */,
				1888AFDE2CA0469C00801AF3 /* Swift-BeginnersTests.xctest */,
				1888AFE82CA0469C00801AF3 /* Swift-BeginnersUITests.xctest */,
			);
			name = Products;
			sourceTree = "<group>";
		};
/* End PBXGroup section */

/* Begin PBXNativeTarget section */
		1888AFCD2CA0469A00801AF3 /* Swift-Beginners */ = {
			isa = PBXNativeTarget;
			buildConfigurationList = 1888AFF22CA0469C00801AF3 /* Build configuration list for PBXNativeTarget "Swift-Beginners" */;
			buildPhases = (
				1888AFCA2CA0469A00801AF3 /* Sources */,
				1888AFCB2CA0469A00801AF3 /* Frameworks */,
				1888AFCC2CA0469A00801AF3 /* Resources */,
			);
			buildRules = (
			);
			dependencies = (
			);
			fileSystemSynchronizedGroups = (
				1888AFD02CA0469A00801AF3 /* Swift-Beginners */,
			);
			name = "Swift-Beginners";
			packageProductDependencies = (
			);
			productName = "Swift-Beginners";
			productReference = 1888AFCE2CA0469A00801AF3 /* Swift-Beginners.app */;
			productType = "com.apple.product-type.application";
		};
		1888AFDD2CA0469C00801AF3 /* Swift-BeginnersTests */ = {
			isa = PBXNativeTarget;
			buildConfigurationList = 1888AFF52CA0469C00801AF3 /* Build configuration list for PBXNativeTarget "Swift-BeginnersTests" */;
			buildPhases = (
				1888AFDA2CA0469C00801AF3 /* Sources */,
				1888AFDB2CA0469C00801AF3 /* Frameworks */,
				1888AFDC2CA0469C00801AF3 /* Resources */,
			);
			buildRules = (
			);
			dependencies = (
				1888AFE02CA0469C00801AF3 /* PBXTargetDependency */,
			);
			fileSystemSynchronizedGroups = (
				1888AFE12CA0469C00801AF3 /* Swift-BeginnersTests */,
			);
			name = "Swift-BeginnersTests";
			packageProductDependencies = (
			);
			productName = "Swift-BeginnersTests";
			productReference = 1888AFDE2CA0469C00801AF3 /* Swift-BeginnersTests.xctest */;
			productType = "com.apple.product-type.bundle.unit-test";
		};
		1888AFE72CA0469C00801AF3 /* Swift-BeginnersUITests */ = {
			isa = PBXNativeTarget;
			buildConfigurationList = 1888AFF82CA0469C00801AF3 /* Build configuration list for PBXNativeTarget "Swift-BeginnersUITests" */;
			buildPhases = (
				1888AFE42CA0469C00801AF3 /* Sources */,
				1888AFE52CA0469C00801AF3 /* Frameworks */,
				1888AFE62CA0469C00801AF3 /* Resources */,
			);
			buildRules = (
			);
			dependencies = (
				1888AFEA2CA0469C00801AF3 /* PBXTargetDependency */,
			);
			fileSystemSynchronizedGroups = (
				1888AFEB2CA0469C00801AF3 /* Swift-BeginnersUITests */,
			);
			name = "Swift-BeginnersUITests";
			packageProductDependencies = (
			);
			productName = "Swift-BeginnersUITests";
			productReference = 1888AFE82CA0469C00801AF3 /* Swift-BeginnersUITests.xctest */;
			productType = "com.apple.product-type.bundle.ui-testing";
		};
/* End PBXNativeTarget section */

/* Begin PBXProject section */
		1888AFC62CA0469A00801AF3 /* Project object */ = {
			isa = PBXProject;
			attributes = {
				BuildIndependentTargetsInParallel = 1;
				LastSwiftUpdateCheck = 1600;
				LastUpgradeCheck = 1600;
				TargetAttributes = {
					1888AFCD2CA0469A00801AF3 = {
						CreatedOnToolsVersion = 16.0;
					};
					1888AFDD2CA0469C00801AF3 = {
						CreatedOnToolsVersion = 16.0;
						TestTargetID = 1888AFCD2CA0469A00801AF3;
					};
					1888AFE72CA0469C00801AF3 = {
						CreatedOnToolsVersion = 16.0;
						TestTargetID = 1888AFCD2CA0469A00801AF3;
					};
				};
			};
			buildConfigurationList = 1888AFC92CA0469A00801AF3 /* Build configuration list for PBXProject "Swift-Beginners" */;
			developmentRegion = en;
			hasScannedForEncodings = 0;
			knownRegions = (
				en,
				Base,
			);
			mainGroup = 1888AFC52CA0469A00801AF3;
			minimizedProjectReferenceProxies = 1;
			preferredProjectObjectVersion = 77;
			productRefGroup = 1888AFCF2CA0469A00801AF3 /* Products */;
			projectDirPath = "";
			projectRoot = "";
			targets = (
				1888AFCD2CA0469A00801AF3 /* Swift-Beginners */,
				1888AFDD2CA0469C00801AF3 /* Swift-BeginnersTests */,
				1888AFE72CA0469C00801AF3 /* Swift-BeginnersUITests */,
			);
		};
/* End PBXProject section */

/* Begin PBXResourcesBuildPhase section */
		1888AFCC2CA0469A00801AF3 /* Resources */ = {
			isa = PBXResourcesBuildPhase;
			buildActionMask = 2147483647;
			files = (
			);
			runOnlyForDeploymentPostprocessing = 0;
		};
		1888AFDC2CA0469C00801AF3 /* Resources */ = {
			isa = PBXResourcesBuildPhase;
			buildActionMask = 2147483647;
			files = (
			);
			runOnlyForDeploymentPostprocessing = 0;
		};
		1888AFE62CA0469C00801AF3 /* Resources */ = {
			isa = PBXResourcesBuildPhase;
			buildActionMask = 2147483647;
			files = (
			);
			runOnlyForDeploymentPostprocessing = 0;
		};
/* End PBXResourcesBuildPhase section */

/* Begin PBXSourcesBuildPhase section */
		1888AFCA2CA0469A00801AF3 /* Sources */ = {
			isa = PBXSourcesBuildPhase;
			buildActionMask = 2147483647;
			files = (
			);
			runOnlyForDeploymentPostprocessing = 0;
		};
		1888AFDA2CA0469C00801AF3 /* Sources */ = {
			isa = PBXSourcesBuildPhase;
			buildActionMask = 2147483647;
			files = (
			);
			runOnlyForDeploymentPostprocessing = 0;
		};
		1888AFE42CA0469C00801AF3 /* Sources */ = {
			isa = PBXSourcesBuildPhase;
			buildActionMask = 2147483647;
			files = (
			);
			runOnlyForDeploymentPostprocessing = 0;
		};
/* End PBXSourcesBuildPhase section */

/* Begin PBXTargetDependency section */
		1888AFE02CA0469C00801AF3 /* PBXTargetDependency */ = {
			isa = PBXTargetDependency;
			target = 1888AFCD2CA0469A00801AF3 /* Swift-Beginners */;
			targetProxy = 1888AFDF2CA0469C00801AF3 /* PBXContainerItemProxy */;
		};
		1888AFEA2CA0469C00801AF3 /* PBXTargetDependency */ = {
			isa = PBXTargetDependency;
			target = 1888AFCD2CA0469A00801AF3 /* Swift-Beginners */;
			targetProxy = 1888AFE92CA0469C00801AF3 /* PBXContainerItemProxy */;
		};
/* End PBXTargetDependency section */

/* Begin XCBuildConfiguration section */
		1888AFF02CA0469C00801AF3 /* Debug */ = {
			isa = XCBuildConfiguration;
			buildSettings = {
				ALWAYS_SEARCH_USER_PATHS = NO;
				ASSETCATALOG_COMPILER_GENERATE_SWIFT_ASSET_SYMBOL_EXTENSIONS = YES;
				CLANG_ANALYZER_NONNULL = YES;
				CLANG_ANALYZER_NUMBER_OBJECT_CONVERSION = YES_AGGRESSIVE;
				CLANG_CXX_LANGUAGE_STANDARD = "gnu++20";
				CLANG_ENABLE_MODULES = YES;
				CLANG_ENABLE_OBJC_ARC = YES;
				CLANG_ENABLE_OBJC_WEAK = YES;
				CLANG_WARN_BLOCK_CAPTURE_AUTORELEASING = YES;
				CLANG_WARN_BOOL_CONVERSION = YES;
				CLANG_WARN_COMMA = YES;
				CLANG_WARN_CONSTANT_CONVERSION = YES;
				CLANG_WARN_DEPRECATED_OBJC_IMPLEMENTATIONS = YES;
				CLANG_WARN_DIRECT_OBJC_ISA_USAGE = YES_ERROR;
				CLANG_WARN_DOCUMENTATION_COMMENTS = YES;
				CLANG_WARN_EMPTY_BODY = YES;
				CLANG_WARN_ENUM_CONVERSION = YES;
				CLANG_WARN_INFINITE_RECURSION = YES;
				CLANG_WARN_INT_CONVERSION = YES;
				CLANG_WARN_NON_LITERAL_NULL_CONVERSION = YES;
				CLANG_WARN_OBJC_IMPLICIT_RETAIN_SELF = YES;
				CLANG_WARN_OBJC_LITERAL_CONVERSION = YES;
				CLANG_WARN_OBJC_ROOT_CLASS = YES_ERROR;
				CLANG_WARN_QUOTED_INCLUDE_IN_FRAMEWORK_HEADER = YES;
				CLANG_WARN_RANGE_LOOP_ANALYSIS = YES;
				CLANG_WARN_STRICT_PROTOTYPES = YES;
				CLANG_WARN_SUSPICIOUS_MOVE = YES;
				CLANG_WARN_UNGUARDED_AVAILABILITY = YES_AGGRESSIVE;
				CLANG_WARN_UNREACHABLE_CODE = YES;
				CLANG_WARN__DUPLICATE_METHOD_MATCH = YES;
				COPY_PHASE_STRIP = NO;
				DEBUG_INFORMATION_FORMAT = dwarf;
				ENABLE_STRICT_OBJC_MSGSEND = YES;
				ENABLE_TESTABILITY = YES;
				ENABLE_USER_SCRIPT_SANDBOXING = YES;
				GCC_C_LANGUAGE_STANDARD = gnu17;
				GCC_DYNAMIC_NO_PIC = NO;
				GCC_NO_COMMON_BLOCKS = YES;
				GCC_OPTIMIZATION_LEVEL = 0;
				GCC_PREPROCESSOR_DEFINITIONS = (
					"DEBUG=1",
					"$(inherited)",
				);
				GCC_WARN_64_TO_32_BIT_CONVERSION = YES;
				GCC_WARN_ABOUT_RETURN_TYPE = YES_ERROR;
				GCC_WARN_UNDECLARED_SELECTOR = YES;
				GCC_WARN_UNINITIALIZED_AUTOS = YES_AGGRESSIVE;
				GCC_WARN_UNUSED_FUNCTION = YES;
				GCC_WARN_UNUSED_VARIABLE = YES;
				IPHONEOS_DEPLOYMENT_TARGET = 18.0;
				LOCALIZATION_PREFERS_STRING_CATALOGS = YES;
				MTL_ENABLE_DEBUG_INFO = INCLUDE_SOURCE;
				MTL_FAST_MATH = YES;
				ONLY_ACTIVE_ARCH = YES;
				SDKROOT = iphoneos;
				SWIFT_ACTIVE_COMPILATION_CONDITIONS = "DEBUG $(inherited)";
				SWIFT_OPTIMIZATION_LEVEL = "-Onone";
			};
			name = Debug;
		};
		1888AFF12CA0469C00801AF3 /* Release */ = {
			isa = XCBuildConfiguration;
			buildSettings = {
				ALWAYS_SEARCH_USER_PATHS = NO;
				ASSETCATALOG_COMPILER_GENERATE_SWIFT_ASSET_SYMBOL_EXTENSIONS = YES;
				CLANG_ANALYZER_NONNULL = YES;
				CLANG_ANALYZER_NUMBER_OBJECT_CONVERSION = YES_AGGRESSIVE;
				CLANG_CXX_LANGUAGE_STANDARD = "gnu++20";
				CLANG_ENABLE_MODULES = YES;
				CLANG_ENABLE_OBJC_ARC = YES;
				CLANG_ENABLE_OBJC_WEAK = YES;
				CLANG_WARN_BLOCK_CAPTURE_AUTORELEASING = YES;
				CLANG_WARN_BOOL_CONVERSION = YES;
				CLANG_WARN_COMMA = YES;
				CLANG_WARN_CONSTANT_CONVERSION = YES;
				CLANG_WARN_DEPRECATED_OBJC_IMPLEMENTATIONS = YES;
				CLANG_WARN_DIRECT_OBJC_ISA_USAGE = YES_ERROR;
				CLANG_WARN_DOCUMENTATION_COMMENTS = YES;
				CLANG_WARN_EMPTY_BODY = YES;
				CLANG_WARN_ENUM_CONVERSION = YES;
				CLANG_WARN_INFINITE_RECURSION = YES;
				CLANG_WARN_INT_CONVERSION = YES;
				CLANG_WARN_NON_LITERAL_NULL_CONVERSION = YES;
				CLANG_WARN_OBJC_IMPLICIT_RETAIN_SELF = YES;
				CLANG_WARN_OBJC_LITERAL_CONVERSION = YES;
				CLANG_WARN_OBJC_ROOT_CLASS = YES_ERROR;
				CLANG_WARN_QUOTED_INCLUDE_IN_FRAMEWORK_HEADER = YES;
				CLANG_WARN_RANGE_LOOP_ANALYSIS = YES;
				CLANG_WARN_STRICT_PROTOTYPES = YES;
				CLANG_WARN_SUSPICIOUS_MOVE = YES;
				CLANG_WARN_UNGUARDED_AVAILABILITY = YES_AGGRESSIVE;
				CLANG_WARN_UNREACHABLE_CODE = YES;
				CLANG_WARN__DUPLICATE_METHOD_MATCH = YES;
				COPY_PHASE_STRIP = NO;
				DEBUG_INFORMATION_FORMAT = "dwarf-with-dsym";
				ENABLE_NS_ASSERTIONS = NO;
				ENABLE_STRICT_OBJC_MSGSEND = YES;
				ENABLE_USER_SCRIPT_SANDBOXING = YES;
				GCC_C_LANGUAGE_STANDARD = gnu17;
				GCC_NO_COMMON_BLOCKS = YES;
				GCC_WARN_64_TO_32_BIT_CONVERSION = YES;
				GCC_WARN_ABOUT_RETURN_TYPE = YES_ERROR;
				GCC_WARN_UNDECLARED_SELECTOR = YES;
				GCC_WARN_UNINITIALIZED_AUTOS = YES_AGGRESSIVE;
				GCC_WARN_UNUSED_FUNCTION = YES;
				GCC_WARN_UNUSED_VARIABLE = YES;
				IPHONEOS_DEPLOYMENT_TARGET = 18.0;
				LOCALIZATION_PREFERS_STRING_CATALOGS = YES;
				MTL_ENABLE_DEBUG_INFO = NO;
				MTL_FAST_MATH = YES;
				SDKROOT = iphoneos;
				SWIFT_COMPILATION_MODE = wholemodule;
				VALIDATE_PRODUCT = YES;
			};
			name = Release;
		};
		1888AFF32CA0469C00801AF3 /* Debug */ = {
			isa = XCBuildConfiguration;
			buildSettings = {
				ASSETCATALOG_COMPILER_APPICON_NAME = AppIcon;
				ASSETCATALOG_COMPILER_GLOBAL_ACCENT_COLOR_NAME = AccentColor;
				CODE_SIGN_STYLE = Automatic;
				CURRENT_PROJECT_VERSION = 1;
				DEVELOPMENT_ASSET_PATHS = "\"Swift-Beginners/Preview Content\"";
				DEVELOPMENT_TEAM = 7R24UYTB8K;
				ENABLE_PREVIEWS = YES;
				GENERATE_INFOPLIST_FILE = YES;
				INFOPLIST_KEY_UIApplicationSceneManifest_Generation = YES;
				INFOPLIST_KEY_UIApplicationSupportsIndirectInputEvents = YES;
				INFOPLIST_KEY_UILaunchScreen_Generation = YES;
				INFOPLIST_KEY_UISupportedInterfaceOrientations_iPad = "UIInterfaceOrientationPortrait UIInterfaceOrientationPortraitUpsideDown UIInterfaceOrientationLandscapeLeft UIInterfaceOrientationLandscapeRight";
				INFOPLIST_KEY_UISupportedInterfaceOrientations_iPhone = "UIInterfaceOrientationPortrait UIInterfaceOrientationLandscapeLeft UIInterfaceOrientationLandscapeRight";
				LD_RUNPATH_SEARCH_PATHS = (
					"$(inherited)",
					"@executable_path/Frameworks",
				);
				MARKETING_VERSION = 1.0;
				PRODUCT_BUNDLE_IDENTIFIER = "otinu.Swift-Beginners";
				PRODUCT_NAME = "$(TARGET_NAME)";
				SWIFT_EMIT_LOC_STRINGS = YES;
				SWIFT_VERSION = 5.0;
				TARGETED_DEVICE_FAMILY = "1,2";
			};
			name = Debug;
		};
		1888AFF42CA0469C00801AF3 /* Release */ = {
			isa = XCBuildConfiguration;
			buildSettings = {
				ASSETCATALOG_COMPILER_APPICON_NAME = AppIcon;
				ASSETCATALOG_COMPILER_GLOBAL_ACCENT_COLOR_NAME = AccentColor;
				CODE_SIGN_STYLE = Automatic;
				CURRENT_PROJECT_VERSION = 1;
				DEVELOPMENT_ASSET_PATHS = "\"Swift-Beginners/Preview Content\"";
				DEVELOPMENT_TEAM = 7R24UYTB8K;
				ENABLE_PREVIEWS = YES;
				GENERATE_INFOPLIST_FILE = YES;
				INFOPLIST_KEY_UIApplicationSceneManifest_Generation = YES;
				INFOPLIST_KEY_UIApplicationSupportsIndirectInputEvents = YES;
				INFOPLIST_KEY_UILaunchScreen_Generation = YES;
				INFOPLIST_KEY_UISupportedInterfaceOrientations_iPad = "UIInterfaceOrientationPortrait UIInterfaceOrientationPortraitUpsideDown UIInterfaceOrientationLandscapeLeft UIInterfaceOrientationLandscapeRight";
				INFOPLIST_KEY_UISupportedInterfaceOrientations_iPhone = "UIInterfaceOrientationPortrait UIInterfaceOrientationLandscapeLeft UIInterfaceOrientationLandscapeRight";
				LD_RUNPATH_SEARCH_PATHS = (
					"$(inherited)",
					"@executable_path/Frameworks",
				);
				MARKETING_VERSION = 1.0;
				PRODUCT_BUNDLE_IDENTIFIER = "otinu.Swift-Beginners";
				PRODUCT_NAME = "$(TARGET_NAME)";
				SWIFT_EMIT_LOC_STRINGS = YES;
				SWIFT_VERSION = 5.0;
				TARGETED_DEVICE_FAMILY = "1,2";
			};
			name = Release;
		};
		1888AFF62CA0469C00801AF3 /* Debug */ = {
			isa = XCBuildConfiguration;
			buildSettings = {
				BUNDLE_LOADER = "$(TEST_HOST)";
				CODE_SIGN_STYLE = Automatic;
				CURRENT_PROJECT_VERSION = 1;
				DEVELOPMENT_TEAM = 7R24UYTB8K;
				GENERATE_INFOPLIST_FILE = YES;
				IPHONEOS_DEPLOYMENT_TARGET = 18.0;
				MARKETING_VERSION = 1.0;
				PRODUCT_BUNDLE_IDENTIFIER = "otinu.Swift-BeginnersTests";
				PRODUCT_NAME = "$(TARGET_NAME)";
				SWIFT_EMIT_LOC_STRINGS = NO;
				SWIFT_VERSION = 5.0;
				TARGETED_DEVICE_FAMILY = "1,2";
				TEST_HOST = "$(BUILT_PRODUCTS_DIR)/Swift-Beginners.app/$(BUNDLE_EXECUTABLE_FOLDER_PATH)/Swift-Beginners";
			};
			name = Debug;
		};
		1888AFF72CA0469C00801AF3 /* Release */ = {
			isa = XCBuildConfiguration;
			buildSettings = {
				BUNDLE_LOADER = "$(TEST_HOST)";
				CODE_SIGN_STYLE = Automatic;
				CURRENT_PROJECT_VERSION = 1;
				DEVELOPMENT_TEAM = 7R24UYTB8K;
				GENERATE_INFOPLIST_FILE = YES;
				IPHONEOS_DEPLOYMENT_TARGET = 18.0;
				MARKETING_VERSION = 1.0;
				PRODUCT_BUNDLE_IDENTIFIER = "otinu.Swift-BeginnersTests";
				PRODUCT_NAME = "$(TARGET_NAME)";
				SWIFT_EMIT_LOC_STRINGS = NO;
				SWIFT_VERSION = 5.0;
				TARGETED_DEVICE_FAMILY = "1,2";
				TEST_HOST = "$(BUILT_PRODUCTS_DIR)/Swift-Beginners.app/$(BUNDLE_EXECUTABLE_FOLDER_PATH)/Swift-Beginners";
			};
			name = Release;
		};
		1888AFF92CA0469C00801AF3 /* Debug */ = {
			isa = XCBuildConfiguration;
			buildSettings = {
				CODE_SIGN_STYLE = Automatic;
				CURRENT_PROJECT_VERSION = 1;
				DEVELOPMENT_TEAM = 7R24UYTB8K;
				GENERATE_INFOPLIST_FILE = YES;
				MARKETING_VERSION = 1.0;
				PRODUCT_BUNDLE_IDENTIFIER = "otinu.Swift-BeginnersUITests";
				PRODUCT_NAME = "$(TARGET_NAME)";
				SWIFT_EMIT_LOC_STRINGS = NO;
				SWIFT_VERSION = 5.0;
				TARGETED_DEVICE_FAMILY = "1,2";
				TEST_TARGET_NAME = "Swift-Beginners";
			};
			name = Debug;
		};
		1888AFFA2CA0469C00801AF3 /* Release */ = {
			isa = XCBuildConfiguration;
			buildSettings = {
				CODE_SIGN_STYLE = Automatic;
				CURRENT_PROJECT_VERSION = 1;
				DEVELOPMENT_TEAM = 7R24UYTB8K;
				GENERATE_INFOPLIST_FILE = YES;
				MARKETING_VERSION = 1.0;
				PRODUCT_BUNDLE_IDENTIFIER = "otinu.Swift-BeginnersUITests";
				PRODUCT_NAME = "$(TARGET_NAME)";
				SWIFT_EMIT_LOC_STRINGS = NO;
				SWIFT_VERSION = 5.0;
				TARGETED_DEVICE_FAMILY = "1,2";
				TEST_TARGET_NAME = "Swift-Beginners";
			};
			name = Release;
		};
/* End XCBuildConfiguration section */

/* Begin XCConfigurationList section */
		1888AFC92CA0469A00801AF3 /* Build configuration list for PBXProject "Swift-Beginners" */ = {
			isa = XCConfigurationList;
			buildConfigurations = (
				1888AFF02CA0469C00801AF3 /* Debug */,
				1888AFF12CA0469C00801AF3 /* Release */,
			);
			defaultConfigurationIsVisible = 0;
			defaultConfigurationName = Release;
		};
		1888AFF22CA0469C00801AF3 /* Build configuration list for PBXNativeTarget "Swift-Beginners" */ = {
			isa = XCConfigurationList;
			buildConfigurations = (
				1888AFF32CA0469C00801AF3 /* Debug */,
				1888AFF42CA0469C00801AF3 /* Release */,
			);
			defaultConfigurationIsVisible = 0;
			defaultConfigurationName = Release;
		};
		1888AFF52CA0469C00801AF3 /* Build configuration list for PBXNativeTarget "Swift-BeginnersTests" */ = {
			isa = XCConfigurationList;
			buildConfigurations = (
				1888AFF62CA0469C00801AF3 /* Debug */,
				1888AFF72CA0469C00801AF3 /* Release */,
			);
			defaultConfigurationIsVisible = 0;
			defaultConfigurationName = Release;
		};
		1888AFF82CA0469C00801AF3 /* Build configuration list for PBXNativeTarget "Swift-BeginnersUITests" */ = {
			isa = XCConfigurationList;
			buildConfigurations = (
				1888AFF92CA0469C00801AF3 /* Debug */,
				1888AFFA2CA0469C00801AF3 /* Release */,
			);
			defaultConfigurationIsVisible = 0;
			defaultConfigurationName = Release;
		};
/* End XCConfigurationList section */
	};
	rootObject = 1888AFC62CA0469A00801AF3 /* Project object */;
}
